<?xml version="1.0" encoding="utf-8"?>
<Project ToolsVersion="4.0" xmlns="http://schemas.microsoft.com/developer/msbuild/2003">
  <ItemGroup>
    <Filter Include="Source Files">
      <UniqueIdentifier>{4FC737F1-C7A5-4376-A066-2A32D752A2FF}</UniqueIdentifier>
      <Extensions>cpp;c;cc;cxx;def;odl;idl;hpj;bat;asm;asmx</Extensions>
    </Filter>
    <Filter Include="Header Files">
      <UniqueIdentifier>{93995380-89BD-4b04-88EB-625FBE52EBFB}</UniqueIdentifier>
      <Extensions>h;hh;hpp;hxx;hm;inl;inc;ipp;xsd</Extensions>
    </Filter>
    <Filter Include="Resource Files">
      <UniqueIdentifier>{67DA6AB6-F800-4c08-8B7A-83BB121AAD01}</UniqueIdentifier>
      <Extensions>rc;ico;cur;bmp;dlg;rc2;rct;bin;rgs;gif;jpg;jpeg;jpe;resx;tiff;tif;png;wav;mfcribbon-ms</Extensions>
    </Filter>
  </ItemGroup>
  <ItemGroup>
    <ClCompile Include="ext\include\glad\glad.c">
      <Filter>Source Files</Filter>
    </ClCompile>
    <ClCompile Include="ext\include\imgui\imgui.cpp">
      <Filter>Source Files</Filter>
    </ClCompile>
    <ClCompile Include="ext\include\imgui\imgui_demo.cpp">
      <Filter>Source Files</Filter>
    </ClCompile>
    <ClCompile Include="ext\include\imgui\imgui_draw.cpp">
      <Filter>Source Files</Filter>
    </ClCompile>
    <ClCompile Include="ext\include\imgui\imgui_widgets.cpp">
      <Filter>Source Files</Filter>
    </ClCompile>
    <ClCompile Include="ext\include\imgui\examples\imgui_impl_opengl3.cpp">
      <Filter>Source Files</Filter>
    </ClCompile>
    <ClCompile Include="ext\include\imgui\examples\imgui_impl_glfw.cpp">
      <Filter>Source Files</Filter>
    </ClCompile>
    <ClCompile Include="src\Main.cpp">
      <Filter>Source Files</Filter>
    </ClCompile>
    <ClCompile Include="src\app\App.cpp">
      <Filter>Source Files</Filter>
    </ClCompile>
    <ClCompile Include="src\app\dispatchqueue\DispatchQueue.cpp">
      <Filter>Source Files</Filter>
    </ClCompile>
    <ClCompile Include="src\app\dispatchqueue\Task.cpp">
      <Filter>Source Files</Filter>
    </ClCompile>
    <ClCompile Include="src\app\dispatchqueue\TaskGroup.cpp">
      <Filter>Source Files</Filter>
    </ClCompile>
    <ClCompile Include="src\util\UUID.cpp">
      <Filter>Source Files</Filter>
    </ClCompile>
    <ClCompile Include="src\worldgen\Biome.cpp">
      <Filter>Source Files</Filter>
    </ClCompile>
    <ClCompile Include="src\worldgen\Feature.cpp">
      <Filter>Source Files</Filter>
    </ClCompile>
    <ClCompile Include="src\worldgen\Generator.cpp">
      <Filter>Source Files</Filter>
    </ClCompile>
    <ClCompile Include="src\worldgen\Layer.cpp">
      <Filter>Source Files</Filter>
    </ClCompile>
    <ClCompile Include="src\worldgen\Map.cpp">
      <Filter>Source Files</Filter>
    </ClCompile>
    <ClCompile Include="src\worldgen\OceanGen.cpp">
      <Filter>Source Files</Filter>
    </ClCompile>
    <ClCompile Include="src\app\components\UIComponent.cpp">
      <Filter>Source Files</Filter>
    </ClCompile>
    <ClCompile Include="src\app\components\worldview\Fragment.cpp">
      <Filter>Source Files</Filter>
    </ClCompile>
    <ClCompile Include="src\app\components\worldview\FragmentManager.cpp">
      <Filter>Source Files</Filter>
    </ClCompile>
    <ClCompile Include="src\app\components\worldview\FragmentShaders.cpp">
      <Filter>Source Files</Filter>
    </ClCompile>
    <ClCompile Include="src\app\components\worldview\FragmentTask.cpp">
      <Filter>Source Files</Filter>
    </ClCompile>
    <ClCompile Include="src\app\components\threadstatus\ThreadStatus.cpp">
      <Filter>Source Files</Filter>
    </ClCompile>
    <ClCompile Include="src\app\components\worldview\WorldView.cpp">
      <Filter>Source Files</Filter>
    </ClCompile>
    <ClCompile Include="src\app\components\menubar\MenuBar.cpp">
      <Filter>Source Files</Filter>
    </ClCompile>
    <ClCompile Include="src\app\components\newdialogs\NewWorldView.cpp">
      <Filter>Source Files</Filter>
    </ClCompile>
    <ClCompile Include="src\app\ImGuiEx.cpp">
      <Filter>Source Files</Filter>
    </ClCompile>
    <ClCompile Include="src\nbt\Loader.cpp">
      <Filter>Source Files</Filter>
    </ClCompile>
    <ClCompile Include="src\nbt\TagByte.cpp">
      <Filter>Source Files</Filter>
    </ClCompile>
    <ClCompile Include="src\nbt\Tag.cpp">
      <Filter>Source Files</Filter>
    </ClCompile>
    <ClCompile Include="src\nbt\Serializer.cpp">
      <Filter>Source Files</Filter>
    </ClCompile>
    <ClCompile Include="src\nbt\Deserializer.cpp">
      <Filter>Source Files</Filter>
    </ClCompile>
    <ClCompile Include="src\nbt\TagCompound.cpp">
      <Filter>Source Files</Filter>
    </ClCompile>
    <ClCompile Include="src\nbt\SerialBase.cpp">
      <Filter>Source Files</Filter>
    </ClCompile>
    <ClCompile Include="src\nbt\TagShort.cpp">
      <Filter>Source Files</Filter>
    </ClCompile>
    <ClCompile Include="src\nbt\TagInt.cpp">
      <Filter>Source Files</Filter>
    </ClCompile>
    <ClCompile Include="src\nbt\TagLong.cpp">
      <Filter>Source Files</Filter>
    </ClCompile>
    <ClCompile Include="src\nbt\TagFloat.cpp">
      <Filter>Source Files</Filter>
    </ClCompile>
    <ClCompile Include="src\nbt\TagDouble.cpp">
      <Filter>Source Files</Filter>
    </ClCompile>
    <ClCompile Include="src\nbt\TagByteArray.cpp">
      <Filter>Source Files</Filter>
    </ClCompile>
    <ClCompile Include="src\nbt\TagList.cpp">
      <Filter>Source Files</Filter>
    </ClCompile>
    <ClCompile Include="src\nbt\TagIntArray.cpp">
      <Filter>Source Files</Filter>
    </ClCompile>
    <ClCompile Include="src\nbt\TagLongArray.cpp">
      <Filter>Source Files</Filter>
    </ClCompile>
    <ClCompile Include="src\nbt\TagString.cpp">
      <Filter>Source Files</Filter>
    </ClCompile>
    <ClCompile Include="src\nbt\TagRoot.cpp">
      <Filter>Source Files</Filter>
    </ClCompile>
    <ClCompile Include="src\app\components\nbtview\NBTView.cpp">
      <Filter>Source Files</Filter>
    </ClCompile>
    <ClCompile Include="src\app\components\WindowComponent.cpp">
      <Filter>Source Files</Filter>
    </ClCompile>
    <ClCompile Include="src\app\components\fontmanager\FontManager.cpp">
      <Filter>Source Files</Filter>
    </ClCompile>
    <ClCompile Include="src\app\components\functioneditor\FunctionEditor.cpp">
      <Filter>Source Files</Filter>
    </ClCompile>
    <ClCompile Include="ext\include\imgui_textedit\imgui_textedit.cpp">
      <Filter>Source Files</Filter>
    </ClCompile>
    <ClCompile Include="src\app\components\functioneditor\LangDef.cpp">
      <Filter>Source Files</Filter>
    </ClCompile>
    <ClCompile Include="src\app\components\uuidgen\UUIDGen.cpp">
      <Filter>Source Files</Filter>
    </ClCompile>
    <ClCompile Include="src\app\components\javarng\JavaRng.cpp">
      <Filter>Source Files</Filter>
    </ClCompile>
    <ClCompile Include="ext\include\fmt\src\format.cc">
      <Filter>Source Files</Filter>
    </ClCompile>
    <ClCompile Include="ext\include\fmt\src\posix.cc">
      <Filter>Source Files</Filter>
    </ClCompile>
    <ClCompile Include="src\util\Color.cpp">
      <Filter>Source Files</Filter>
    </ClCompile>
    <ClCompile Include="ext\include\spdlog\spdlog.cpp">
      <Filter>Source Files</Filter>
    </ClCompile>
    <ClCompile Include="src\app\components\logview\LogView.cpp">
      <Filter>Source Files</Filter>
    </ClCompile>
    <ClCompile Include="src\app\components\logview\Sink.cpp">
      <Filter>Source Files</Filter>
    </ClCompile>
    <ClCompile Include="src\app\components\PersistentWindowComponent.cpp">
      <Filter>Source Files</Filter>
    </ClCompile>
    <ClCompile Include="src\app\resource\Manager.cpp">
      <Filter>Source Files</Filter>
    </ClCompile>
    <ClCompile Include="src\app\resource\handle\Handle.cpp">
      <Filter>Source Files</Filter>
    </ClCompile>
    <ClCompile Include="src\app\resource\provider\Provider.cpp">
      <Filter>Source Files</Filter>
    </ClCompile>
    <ClCompile Include="src\app\resource\container\Container.cpp">
      <Filter>Source Files</Filter>
    </ClCompile>
    <ClCompile Include="src\app\components\nbtview\schema\Annotator.cpp">
      <Filter>Source Files</Filter>
    </ClCompile>
    <ClCompile Include="src\app\components\workspace\Workspace.cpp">
      <Filter>Source Files</Filter>
    </ClCompile>
    <ClCompile Include="ext\include\imgui\misc\cpp\imgui_stdlib.cpp">
      <Filter>Source Files</Filter>
    </ClCompile>
    <ClCompile Include="src\app\components\hexeditor\HexEditor.cpp">
      <Filter>Source Files</Filter>
    </ClCompile>
  </ItemGroup>
  <ItemGroup>
    <ClInclude Include="src\app\App.hpp">
      <Filter>Header Files</Filter>
    </ClInclude>
    <ClInclude Include="src\app\dispatchqueue\DispatchQueue.hpp">
      <Filter>Header Files</Filter>
    </ClInclude>
    <ClInclude Include="src\app\dispatchqueue\Task.hpp">
      <Filter>Header Files</Filter>
    </ClInclude>
    <ClInclude Include="src\app\dispatchqueue\TaskGroup.hpp">
      <Filter>Header Files</Filter>
    </ClInclude>
    <ClInclude Include="src\util\UUID.hpp">
      <Filter>Header Files</Filter>
    </ClInclude>
    <ClInclude Include="src\worldgen\Biome.hpp">
      <Filter>Header Files</Filter>
    </ClInclude>
    <ClInclude Include="src\worldgen\Feature.hpp">
      <Filter>Header Files</Filter>
    </ClInclude>
    <ClInclude Include="src\worldgen\Generator.hpp">
      <Filter>Header Files</Filter>
    </ClInclude>
    <ClInclude Include="src\worldgen\JavaRandom.hpp">
      <Filter>Header Files</Filter>
    </ClInclude>
    <ClInclude Include="src\worldgen\Layer.hpp">
      <Filter>Header Files</Filter>
    </ClInclude>
    <ClInclude Include="src\worldgen\Map.hpp">
      <Filter>Header Files</Filter>
    </ClInclude>
    <ClInclude Include="src\worldgen\OceanGen.hpp">
      <Filter>Header Files</Filter>
    </ClInclude>
    <ClInclude Include="src\app\components\UIComponent.hpp">
      <Filter>Header Files</Filter>
    </ClInclude>
    <ClInclude Include="src\app\components\worldview\Fragment.hpp">
      <Filter>Header Files</Filter>
    </ClInclude>
    <ClInclude Include="src\app\components\worldview\FragmentManager.hpp">
      <Filter>Header Files</Filter>
    </ClInclude>
    <ClInclude Include="src\app\components\worldview\FragmentShaders.hpp">
      <Filter>Header Files</Filter>
    </ClInclude>
    <ClInclude Include="src\app\components\worldview\FragmentTask.hpp">
      <Filter>Header Files</Filter>
    </ClInclude>
    <ClInclude Include="src\app\components\threadstatus\ThreadStatus.hpp">
      <Filter>Header Files</Filter>
    </ClInclude>
    <ClInclude Include="src\app\components\worldview\WorldView.hpp">
      <Filter>Header Files</Filter>
    </ClInclude>
    <ClInclude Include="src\app\components\menubar\MenuBar.hpp">
      <Filter>Header Files</Filter>
    </ClInclude>
    <ClInclude Include="src\app\components\newdialogs\NewWorldView.hpp">
      <Filter>Header Files</Filter>
    </ClInclude>
    <ClInclude Include="src\app\ImGuiEx.hpp">
      <Filter>Header Files</Filter>
    </ClInclude>
    <ClInclude Include="src\nbt\Loader.hpp">
      <Filter>Header Files</Filter>
    </ClInclude>
    <ClInclude Include="src\nbt\TagByte.hpp">
      <Filter>Header Files</Filter>
    </ClInclude>
    <ClInclude Include="src\nbt\Tag.hpp">
      <Filter>Header Files</Filter>
    </ClInclude>
    <ClInclude Include="src\nbt\Serializer.hpp">
      <Filter>Header Files</Filter>
    </ClInclude>
    <ClInclude Include="src\nbt\Deserializer.hpp">
      <Filter>Header Files</Filter>
    </ClInclude>
    <ClInclude Include="src\nbt\TagCompound.hpp">
      <Filter>Header Files</Filter>
    </ClInclude>
    <ClInclude Include="src\nbt\SerialBase.hpp">
      <Filter>Header Files</Filter>
    </ClInclude>
    <ClInclude Include="src\nbt\TagShort.hpp">
      <Filter>Header Files</Filter>
    </ClInclude>
    <ClInclude Include="src\nbt\TagInt.hpp">
      <Filter>Header Files</Filter>
    </ClInclude>
    <ClInclude Include="src\nbt\TagLong.hpp">
      <Filter>Header Files</Filter>
    </ClInclude>
    <ClInclude Include="src\nbt\TagFloat.hpp">
      <Filter>Header Files</Filter>
    </ClInclude>
    <ClInclude Include="src\nbt\TagDouble.hpp">
      <Filter>Header Files</Filter>
    </ClInclude>
    <ClInclude Include="src\nbt\TagByteArray.hpp">
      <Filter>Header Files</Filter>
    </ClInclude>
    <ClInclude Include="src\nbt\TagList.hpp">
      <Filter>Header Files</Filter>
    </ClInclude>
    <ClInclude Include="src\nbt\TagIntArray.hpp">
      <Filter>Header Files</Filter>
    </ClInclude>
    <ClInclude Include="src\nbt\TagLongArray.hpp">
      <Filter>Header Files</Filter>
    </ClInclude>
    <ClInclude Include="src\nbt\TagString.hpp">
      <Filter>Header Files</Filter>
    </ClInclude>
    <ClInclude Include="src\nbt\TagRoot.hpp">
      <Filter>Header Files</Filter>
    </ClInclude>
    <ClInclude Include="src\app\components\nbtview\NBTView.hpp">
      <Filter>Header Files</Filter>
    </ClInclude>
    <ClInclude Include="src\app\components\WindowComponent.hpp">
      <Filter>Header Files</Filter>
    </ClInclude>
    <ClInclude Include="src\app\components\fontmanager\FontManager.hpp">
      <Filter>Header Files</Filter>
    </ClInclude>
    <ClInclude Include="src\app\components\functioneditor\FunctionEditor.hpp">
      <Filter>Header Files</Filter>
    </ClInclude>
    <ClInclude Include="src\app\components\functioneditor\LangDef.hpp">
      <Filter>Header Files</Filter>
    </ClInclude>
    <ClInclude Include="src\app\components\uuidgen\UUIDGen.hpp">
      <Filter>Header Files</Filter>
    </ClInclude>
    <ClInclude Include="src\app\components\javarng\JavaRng.hpp">
      <Filter>Header Files</Filter>
    </ClInclude>
    <ClInclude Include="src\util\Color.hpp">
      <Filter>Header Files</Filter>
    </ClInclude>
    <ClInclude Include="src\worldgen\_BiomeData.hpp">
      <Filter>Header Files</Filter>
    </ClInclude>
    <ClInclude Include="src\app\components\logview\LogView.hpp">
      <Filter>Header Files</Filter>
    </ClInclude>
    <ClInclude Include="src\app\components\logview\Sink.hpp">
      <Filter>Header Files</Filter>
    </ClInclude>
    <ClInclude Include="src\app\components\PersistentWindowComponent.hpp">
      <Filter>Header Files</Filter>
    </ClInclude>
    <ClInclude Include="src\app\resource\Manager.hpp">
      <Filter>Header Files</Filter>
    </ClInclude>
    <ClInclude Include="src\app\resource\handle\Handle.hpp">
      <Filter>Header Files</Filter>
    </ClInclude>
    <ClInclude Include="src\app\resource\provider\Provider.hpp">
      <Filter>Header Files</Filter>
    </ClInclude>
    <ClInclude Include="src\app\resource\container\Container.hpp">
      <Filter>Header Files</Filter>
    </ClInclude>
    <ClInclude Include="src\app\Icons.hpp">
      <Filter>Header Files</Filter>
    </ClInclude>
    <ClInclude Include="src\app\components\nbtview\schema\Annotator.hpp">
      <Filter>Header Files</Filter>
    </ClInclude>
    <ClInclude Include="src\app\components\workspace\Workspace.hpp">
      <Filter>Header Files</Filter>
    </ClInclude>
    <ClInclude Include="src\app\components\hexeditor\HexEditor.hpp">
      <Filter>Header Files</Filter>
    </ClInclude>
  </ItemGroup>
</Project>